
Microsoft Visual Studio Solution File, Format Version 12.00
# Visual Studio Version 17
VisualStudioVersion = 17.4.33103.184
MinimumVisualStudioVersion = 10.0.40219.1
Project("{9A19103F-16F7-4668-BE54-9A1E7A4F7556}") = "QuoVadis.GrainInterfaces", "QuoVadis.GrainInterfaces\QuoVadis.GrainInterfaces.csproj", "{4DB0FCFA-A998-46E9-8C98-3D9F1B1A0681}"
EndProject
Project("{9A19103F-16F7-4668-BE54-9A1E7A4F7556}") = "QuoVadis.Grains", "QuoVadis.Grains\QuoVadis.Grains.csproj", "{7F5D675C-2187-44BF-8659-9134C58F3BF5}"
EndProject
Project("{9A19103F-16F7-4668-BE54-9A1E7A4F7556}") = "QuoVadis.Common", "QuoVadis.Common\QuoVadis.Common.csproj", "{3294ABD7-42A0-4348-81FF-5D7DAF201885}"
EndProject
Project("{9A19103F-16F7-4668-BE54-9A1E7A4F7556}") = "QuoVadis.Contracts", "QuoVadis.Contracts\QuoVadis.Contracts.csproj", "{EE200ADF-9503-41B0-986A-5E2836062129}"
EndProject
Project("{9A19103F-16F7-4668-BE54-9A1E7A4F7556}") = "QuoVadis", "QuoVadis\QuoVadis.csproj", "{9EA086AB-8045-4CED-80F1-40951B7FC66E}"
EndProject
Global
	GlobalSection(SolutionConfigurationPlatforms) = preSolution
		Debug|Any CPU = Debug|Any CPU
		Release|Any CPU = Release|Any CPU
	EndGlobalSection
	GlobalSection(ProjectConfigurationPlatforms) = postSolution
		{4DB0FCFA-A998-46E9-8C98-3D9F1B1A0681}.Debug|Any CPU.ActiveCfg = Debug|Any CPU
		{4DB0FCFA-A998-46E9-8C98-3D9F1B1A0681}.Debug|Any CPU.Build.0 = Debug|Any CPU
		{4DB0FCFA-A998-46E9-8C98-3D9F1B1A0681}.Release|Any CPU.ActiveCfg = Release|Any CPU
		{4DB0FCFA-A998-46E9-8C98-3D9F1B1A0681}.Release|Any CPU.Build.0 = Release|Any CPU
		{7F5D675C-2187-44BF-8659-9134C58F3BF5}.Debug|Any CPU.ActiveCfg = Debug|Any CPU
		{7F5D675C-2187-44BF-8659-9134C58F3BF5}.Debug|Any CPU.Build.0 = Debug|Any CPU
		{7F5D675C-2187-44BF-8659-9134C58F3BF5}.Release|Any CPU.ActiveCfg = Release|Any CPU
		{7F5D675C-2187-44BF-8659-9134C58F3BF5}.Release|Any CPU.Build.0 = Release|Any CPU
		{3294ABD7-42A0-4348-81FF-5D7DAF201885}.Debug|Any CPU.ActiveCfg = Debug|Any CPU
		{3294ABD7-42A0-4348-81FF-5D7DAF201885}.Debug|Any CPU.Build.0 = Debug|Any CPU
		{3294ABD7-42A0-4348-81FF-5D7DAF201885}.Release|Any CPU.ActiveCfg = Release|Any CPU
		{3294ABD7-42A0-4348-81FF-5D7DAF201885}.Release|Any CPU.Build.0 = Release|Any CPU
		{EE200ADF-9503-41B0-986A-5E2836062129}.Debug|Any CPU.ActiveCfg = Debug|Any CPU
		{EE200ADF-9503-41B0-986A-5E2836062129}.Debug|Any CPU.Build.0 = Debug|Any CPU
		{EE200ADF-9503-41B0-986A-5E2836062129}.Release|Any CPU.ActiveCfg = Release|Any CPU
		{EE200ADF-9503-41B0-986A-5E2836062129}.Release|Any CPU.Build.0 = Release|Any CPU
		{9EA086AB-8045-4CED-80F1-40951B7FC66E}.Debug|Any CPU.ActiveCfg = Debug|Any CPU
		{9EA086AB-8045-4CED-80F1-40951B7FC66E}.Debug|Any CPU.Build.0 = Debug|Any CPU
		{9EA086AB-8045-4CED-80F1-40951B7FC66E}.Release|Any CPU.ActiveCfg = Release|Any CPU
		{9EA086AB-8045-4CED-80F1-40951B7FC66E}.Release|Any CPU.Build.0 = Release|Any CPU
	EndGlobalSection
	GlobalSection(SolutionProperties) = preSolution
		HideSolutionNode = FALSE
	EndGlobalSection
	GlobalSection(ExtensibilityGlobals) = postSolution
		SolutionGuid = {2D6E0AAD-46C8-437C-BDE4-06996CA87DC2}
	EndGlobalSection
EndGlobal
